
Microsoft Visual Studio Solution File, Format Version 12.00
# Visual Studio Version 17
VisualStudioVersion = 17.9.34607.119
MinimumVisualStudioVersion = 10.0.40219.1
Project("{9A19103F-16F7-4668-BE54-9A1E7A4F7556}") = "01_inheritance", "01_inheritance\01_inheritance.csproj", "{19CADDA9-14A0-425D-902A-FB601C831447}"
EndProject
Project("{9A19103F-16F7-4668-BE54-9A1E7A4F7556}") = "02_abstract", "02_abstract\02_abstract.csproj", "{1CA210CB-ACD4-4E60-B9A7-5FBE203410DB}"
EndProject
Project("{9A19103F-16F7-4668-BE54-9A1E7A4F7556}") = "03_practice_patterns", "03_practice_patterns\03_practice_patterns.csproj", "{43F36DCD-BE7F-418B-8EF9-4FAAE74242EF}"
EndProject
Project("{9A19103F-16F7-4668-BE54-9A1E7A4F7556}") = "04_generics", "04_generics\04_generics.csproj", "{10CEAAA0-BAF7-408C-B0BB-50C11A3A2439}"
EndProject
Project("{9A19103F-16F7-4668-BE54-9A1E7A4F7556}") = "05_interfaces", "05_interfaces\05_interfaces.csproj", "{86534A82-235F-429D-BAF1-5F6364453462}"
EndProject
Project("{9A19103F-16F7-4668-BE54-9A1E7A4F7556}") = "06_exceptions", "06_exceptions\06_exceptions.csproj", "{30E8F84A-FBD7-4B5D-B3E4-9318CC28B57A}"
EndProject
Project("{9A19103F-16F7-4668-BE54-9A1E7A4F7556}") = "DbDriver", "DbDriver\DbDriver.csproj", "{516AB398-6AC4-4D77-841C-30D21049A6C8}"
EndProject
Project("{9A19103F-16F7-4668-BE54-9A1E7A4F7556}") = "07_attributes", "07_attributes\07_attributes.csproj", "{E864932A-43EA-4FB7-B463-E0410C48CEEE}"
EndProject
Project("{9A19103F-16F7-4668-BE54-9A1E7A4F7556}") = "08_practice_chain_of_resp", "08_practice_chain_of_resp\08_practice_chain_of_resp.csproj", "{B0FD56D3-CCCE-4822-AE98-5D7154B66E6B}"
EndProject
Project("{FAE04EC0-301F-11D3-BF4B-00C04F79EFBC}") = "09_delegates", "09_delegates\09_delegates.csproj", "{A766BE7D-8CCC-4516-BE9B-E1A6851B3AC3}"
EndProject
Global
	GlobalSection(SolutionConfigurationPlatforms) = preSolution
		Debug|Any CPU = Debug|Any CPU
		Release|Any CPU = Release|Any CPU
	EndGlobalSection
	GlobalSection(ProjectConfigurationPlatforms) = postSolution
		{19CADDA9-14A0-425D-902A-FB601C831447}.Debug|Any CPU.ActiveCfg = Debug|Any CPU
		{19CADDA9-14A0-425D-902A-FB601C831447}.Debug|Any CPU.Build.0 = Debug|Any CPU
		{19CADDA9-14A0-425D-902A-FB601C831447}.Release|Any CPU.ActiveCfg = Release|Any CPU
		{19CADDA9-14A0-425D-902A-FB601C831447}.Release|Any CPU.Build.0 = Release|Any CPU
		{1CA210CB-ACD4-4E60-B9A7-5FBE203410DB}.Debug|Any CPU.ActiveCfg = Debug|Any CPU
		{1CA210CB-ACD4-4E60-B9A7-5FBE203410DB}.Debug|Any CPU.Build.0 = Debug|Any CPU
		{1CA210CB-ACD4-4E60-B9A7-5FBE203410DB}.Release|Any CPU.ActiveCfg = Release|Any CPU
		{1CA210CB-ACD4-4E60-B9A7-5FBE203410DB}.Release|Any CPU.Build.0 = Release|Any CPU
		{43F36DCD-BE7F-418B-8EF9-4FAAE74242EF}.Debug|Any CPU.ActiveCfg = Debug|Any CPU
		{43F36DCD-BE7F-418B-8EF9-4FAAE74242EF}.Debug|Any CPU.Build.0 = Debug|Any CPU
		{43F36DCD-BE7F-418B-8EF9-4FAAE74242EF}.Release|Any CPU.ActiveCfg = Release|Any CPU
		{43F36DCD-BE7F-418B-8EF9-4FAAE74242EF}.Release|Any CPU.Build.0 = Release|Any CPU
		{10CEAAA0-BAF7-408C-B0BB-50C11A3A2439}.Debug|Any CPU.ActiveCfg = Debug|Any CPU
		{10CEAAA0-BAF7-408C-B0BB-50C11A3A2439}.Debug|Any CPU.Build.0 = Debug|Any CPU
		{10CEAAA0-BAF7-408C-B0BB-50C11A3A2439}.Release|Any CPU.ActiveCfg = Release|Any CPU
		{10CEAAA0-BAF7-408C-B0BB-50C11A3A2439}.Release|Any CPU.Build.0 = Release|Any CPU
		{86534A82-235F-429D-BAF1-5F6364453462}.Debug|Any CPU.ActiveCfg = Debug|Any CPU
		{86534A82-235F-429D-BAF1-5F6364453462}.Debug|Any CPU.Build.0 = Debug|Any CPU
		{86534A82-235F-429D-BAF1-5F6364453462}.Release|Any CPU.ActiveCfg = Release|Any CPU
		{86534A82-235F-429D-BAF1-5F6364453462}.Release|Any CPU.Build.0 = Release|Any CPU
		{30E8F84A-FBD7-4B5D-B3E4-9318CC28B57A}.Debug|Any CPU.ActiveCfg = Debug|Any CPU
		{30E8F84A-FBD7-4B5D-B3E4-9318CC28B57A}.Debug|Any CPU.Build.0 = Debug|Any CPU
		{30E8F84A-FBD7-4B5D-B3E4-9318CC28B57A}.Release|Any CPU.ActiveCfg = Release|Any CPU
		{30E8F84A-FBD7-4B5D-B3E4-9318CC28B57A}.Release|Any CPU.Build.0 = Release|Any CPU
		{516AB398-6AC4-4D77-841C-30D21049A6C8}.Debug|Any CPU.ActiveCfg = Debug|Any CPU
		{516AB398-6AC4-4D77-841C-30D21049A6C8}.Debug|Any CPU.Build.0 = Debug|Any CPU
		{516AB398-6AC4-4D77-841C-30D21049A6C8}.Release|Any CPU.ActiveCfg = Release|Any CPU
		{516AB398-6AC4-4D77-841C-30D21049A6C8}.Release|Any CPU.Build.0 = Release|Any CPU
		{E864932A-43EA-4FB7-B463-E0410C48CEEE}.Debug|Any CPU.ActiveCfg = Debug|Any CPU
		{E864932A-43EA-4FB7-B463-E0410C48CEEE}.Debug|Any CPU.Build.0 = Debug|Any CPU
		{E864932A-43EA-4FB7-B463-E0410C48CEEE}.Release|Any CPU.ActiveCfg = Release|Any CPU
		{E864932A-43EA-4FB7-B463-E0410C48CEEE}.Release|Any CPU.Build.0 = Release|Any CPU
		{B0FD56D3-CCCE-4822-AE98-5D7154B66E6B}.Debug|Any CPU.ActiveCfg = Debug|Any CPU
		{B0FD56D3-CCCE-4822-AE98-5D7154B66E6B}.Debug|Any CPU.Build.0 = Debug|Any CPU
		{B0FD56D3-CCCE-4822-AE98-5D7154B66E6B}.Release|Any CPU.ActiveCfg = Release|Any CPU
		{B0FD56D3-CCCE-4822-AE98-5D7154B66E6B}.Release|Any CPU.Build.0 = Release|Any CPU
		{A766BE7D-8CCC-4516-BE9B-E1A6851B3AC3}.Debug|Any CPU.ActiveCfg = Debug|Any CPU
		{A766BE7D-8CCC-4516-BE9B-E1A6851B3AC3}.Debug|Any CPU.Build.0 = Debug|Any CPU
		{A766BE7D-8CCC-4516-BE9B-E1A6851B3AC3}.Release|Any CPU.ActiveCfg = Release|Any CPU
		{A766BE7D-8CCC-4516-BE9B-E1A6851B3AC3}.Release|Any CPU.Build.0 = Release|Any CPU
	EndGlobalSection
	GlobalSection(SolutionProperties) = preSolution
		HideSolutionNode = FALSE
	EndGlobalSection
	GlobalSection(ExtensibilityGlobals) = postSolution
		SolutionGuid = {A13F7E3B-3A37-4C8A-803B-A81D85401518}
	EndGlobalSection
EndGlobal
