
Microsoft Visual Studio Solution File, Format Version 12.00
# Visual Studio Version 17
VisualStudioVersion = 17.9.34607.119
MinimumVisualStudioVersion = 10.0.40219.1
Project("{9A19103F-16F7-4668-BE54-9A1E7A4F7556}") = "01_class", "01_class\01_class.csproj", "{037D80FE-6DFE-4763-9790-80F141C56C2F}"
EndProject
Project("{9A19103F-16F7-4668-BE54-9A1E7A4F7556}") = "02_struct", "02_struct\02_struct.csproj", "{8E764283-5E2A-41BF-95A6-8C1CCE215AEA}"
EndProject
Project("{9A19103F-16F7-4668-BE54-9A1E7A4F7556}") = "03_types", "03_types\03_types.csproj", "{78A0888F-A09C-4060-A085-6F3FA6A0D320}"
EndProject
Project("{9A19103F-16F7-4668-BE54-9A1E7A4F7556}") = "04_namespaces", "04_namespaces\04_namespaces.csproj", "{6DA831D4-9620-4A43-8E0E-A4B1AA4FF2F6}"
EndProject
Project("{9A19103F-16F7-4668-BE54-9A1E7A4F7556}") = "05_namespaces_2", "05_namespaces_2\05_namespaces_2.csproj", "{F952C694-8E7F-45E3-9D6E-91B72F4DE55E}"
EndProject
Project("{9A19103F-16F7-4668-BE54-9A1E7A4F7556}") = "MathEngine", "MathEngine\MathEngine.csproj", "{42558FA3-D513-4C1E-A48B-0BA0FF8BC202}"
EndProject
Project("{9A19103F-16F7-4668-BE54-9A1E7A4F7556}") = "06_namespaces_3", "06_namespaces_3\06_namespaces_3.csproj", "{5CD3C194-796C-469B-9476-51C6CBBD814B}"
EndProject
Project("{9A19103F-16F7-4668-BE54-9A1E7A4F7556}") = "07_modificators", "07_modificators\07_modificators.csproj", "{3BD61364-0D1A-4151-9814-058172BF0FBF}"
EndProject
Project("{9A19103F-16F7-4668-BE54-9A1E7A4F7556}") = "07_extra", "07_extra\07_extra.csproj", "{DDE31EFB-587D-4092-B9B8-0E91D4BC38BE}"
EndProject
Project("{9A19103F-16F7-4668-BE54-9A1E7A4F7556}") = "08_properties", "08_properties\08_properties.csproj", "{CD0DC1A4-E4A6-438E-A3D5-1583AF75DC85}"
EndProject
Project("{9A19103F-16F7-4668-BE54-9A1E7A4F7556}") = "09_overloading_static_const", "09_overloading_static_const\09_overloading_static_const.csproj", "{195AA522-230B-4380-8A0A-71CAA6A6CA05}"
EndProject
Project("{9A19103F-16F7-4668-BE54-9A1E7A4F7556}") = "10_nuget", "10_nuget\10_nuget.csproj", "{8079CCDD-9726-47DB-A4FB-3E6591A0394E}"
EndProject
Project("{FAE04EC0-301F-11D3-BF4B-00C04F79EFBC}") = "11_null", "11_null\11_null.csproj", "{53E101A8-1D42-466E-A4C4-56CF77EB7B49}"
EndProject
Global
	GlobalSection(SolutionConfigurationPlatforms) = preSolution
		Debug|Any CPU = Debug|Any CPU
		Release|Any CPU = Release|Any CPU
	EndGlobalSection
	GlobalSection(ProjectConfigurationPlatforms) = postSolution
		{037D80FE-6DFE-4763-9790-80F141C56C2F}.Debug|Any CPU.ActiveCfg = Debug|Any CPU
		{037D80FE-6DFE-4763-9790-80F141C56C2F}.Debug|Any CPU.Build.0 = Debug|Any CPU
		{037D80FE-6DFE-4763-9790-80F141C56C2F}.Release|Any CPU.ActiveCfg = Release|Any CPU
		{037D80FE-6DFE-4763-9790-80F141C56C2F}.Release|Any CPU.Build.0 = Release|Any CPU
		{8E764283-5E2A-41BF-95A6-8C1CCE215AEA}.Debug|Any CPU.ActiveCfg = Debug|Any CPU
		{8E764283-5E2A-41BF-95A6-8C1CCE215AEA}.Debug|Any CPU.Build.0 = Debug|Any CPU
		{8E764283-5E2A-41BF-95A6-8C1CCE215AEA}.Release|Any CPU.ActiveCfg = Release|Any CPU
		{8E764283-5E2A-41BF-95A6-8C1CCE215AEA}.Release|Any CPU.Build.0 = Release|Any CPU
		{78A0888F-A09C-4060-A085-6F3FA6A0D320}.Debug|Any CPU.ActiveCfg = Debug|Any CPU
		{78A0888F-A09C-4060-A085-6F3FA6A0D320}.Debug|Any CPU.Build.0 = Debug|Any CPU
		{78A0888F-A09C-4060-A085-6F3FA6A0D320}.Release|Any CPU.ActiveCfg = Release|Any CPU
		{78A0888F-A09C-4060-A085-6F3FA6A0D320}.Release|Any CPU.Build.0 = Release|Any CPU
		{6DA831D4-9620-4A43-8E0E-A4B1AA4FF2F6}.Debug|Any CPU.ActiveCfg = Debug|Any CPU
		{6DA831D4-9620-4A43-8E0E-A4B1AA4FF2F6}.Debug|Any CPU.Build.0 = Debug|Any CPU
		{6DA831D4-9620-4A43-8E0E-A4B1AA4FF2F6}.Release|Any CPU.ActiveCfg = Release|Any CPU
		{6DA831D4-9620-4A43-8E0E-A4B1AA4FF2F6}.Release|Any CPU.Build.0 = Release|Any CPU
		{F952C694-8E7F-45E3-9D6E-91B72F4DE55E}.Debug|Any CPU.ActiveCfg = Debug|Any CPU
		{F952C694-8E7F-45E3-9D6E-91B72F4DE55E}.Debug|Any CPU.Build.0 = Debug|Any CPU
		{F952C694-8E7F-45E3-9D6E-91B72F4DE55E}.Release|Any CPU.ActiveCfg = Release|Any CPU
		{F952C694-8E7F-45E3-9D6E-91B72F4DE55E}.Release|Any CPU.Build.0 = Release|Any CPU
		{42558FA3-D513-4C1E-A48B-0BA0FF8BC202}.Debug|Any CPU.ActiveCfg = Debug|Any CPU
		{42558FA3-D513-4C1E-A48B-0BA0FF8BC202}.Debug|Any CPU.Build.0 = Debug|Any CPU
		{42558FA3-D513-4C1E-A48B-0BA0FF8BC202}.Release|Any CPU.ActiveCfg = Release|Any CPU
		{42558FA3-D513-4C1E-A48B-0BA0FF8BC202}.Release|Any CPU.Build.0 = Release|Any CPU
		{5CD3C194-796C-469B-9476-51C6CBBD814B}.Debug|Any CPU.ActiveCfg = Debug|Any CPU
		{5CD3C194-796C-469B-9476-51C6CBBD814B}.Debug|Any CPU.Build.0 = Debug|Any CPU
		{5CD3C194-796C-469B-9476-51C6CBBD814B}.Release|Any CPU.ActiveCfg = Release|Any CPU
		{5CD3C194-796C-469B-9476-51C6CBBD814B}.Release|Any CPU.Build.0 = Release|Any CPU
		{3BD61364-0D1A-4151-9814-058172BF0FBF}.Debug|Any CPU.ActiveCfg = Debug|Any CPU
		{3BD61364-0D1A-4151-9814-058172BF0FBF}.Debug|Any CPU.Build.0 = Debug|Any CPU
		{3BD61364-0D1A-4151-9814-058172BF0FBF}.Release|Any CPU.ActiveCfg = Release|Any CPU
		{3BD61364-0D1A-4151-9814-058172BF0FBF}.Release|Any CPU.Build.0 = Release|Any CPU
		{DDE31EFB-587D-4092-B9B8-0E91D4BC38BE}.Debug|Any CPU.ActiveCfg = Debug|Any CPU
		{DDE31EFB-587D-4092-B9B8-0E91D4BC38BE}.Debug|Any CPU.Build.0 = Debug|Any CPU
		{DDE31EFB-587D-4092-B9B8-0E91D4BC38BE}.Release|Any CPU.ActiveCfg = Release|Any CPU
		{DDE31EFB-587D-4092-B9B8-0E91D4BC38BE}.Release|Any CPU.Build.0 = Release|Any CPU
		{CD0DC1A4-E4A6-438E-A3D5-1583AF75DC85}.Debug|Any CPU.ActiveCfg = Debug|Any CPU
		{CD0DC1A4-E4A6-438E-A3D5-1583AF75DC85}.Debug|Any CPU.Build.0 = Debug|Any CPU
		{CD0DC1A4-E4A6-438E-A3D5-1583AF75DC85}.Release|Any CPU.ActiveCfg = Release|Any CPU
		{CD0DC1A4-E4A6-438E-A3D5-1583AF75DC85}.Release|Any CPU.Build.0 = Release|Any CPU
		{195AA522-230B-4380-8A0A-71CAA6A6CA05}.Debug|Any CPU.ActiveCfg = Debug|Any CPU
		{195AA522-230B-4380-8A0A-71CAA6A6CA05}.Debug|Any CPU.Build.0 = Debug|Any CPU
		{195AA522-230B-4380-8A0A-71CAA6A6CA05}.Release|Any CPU.ActiveCfg = Release|Any CPU
		{195AA522-230B-4380-8A0A-71CAA6A6CA05}.Release|Any CPU.Build.0 = Release|Any CPU
		{8079CCDD-9726-47DB-A4FB-3E6591A0394E}.Debug|Any CPU.ActiveCfg = Debug|Any CPU
		{8079CCDD-9726-47DB-A4FB-3E6591A0394E}.Debug|Any CPU.Build.0 = Debug|Any CPU
		{8079CCDD-9726-47DB-A4FB-3E6591A0394E}.Release|Any CPU.ActiveCfg = Release|Any CPU
		{8079CCDD-9726-47DB-A4FB-3E6591A0394E}.Release|Any CPU.Build.0 = Release|Any CPU
		{53E101A8-1D42-466E-A4C4-56CF77EB7B49}.Debug|Any CPU.ActiveCfg = Debug|Any CPU
		{53E101A8-1D42-466E-A4C4-56CF77EB7B49}.Debug|Any CPU.Build.0 = Debug|Any CPU
		{53E101A8-1D42-466E-A4C4-56CF77EB7B49}.Release|Any CPU.ActiveCfg = Release|Any CPU
		{53E101A8-1D42-466E-A4C4-56CF77EB7B49}.Release|Any CPU.Build.0 = Release|Any CPU
	EndGlobalSection
	GlobalSection(SolutionProperties) = preSolution
		HideSolutionNode = FALSE
	EndGlobalSection
	GlobalSection(ExtensibilityGlobals) = postSolution
		SolutionGuid = {5954D26C-8A0D-4DE4-8D46-776C930366CF}
	EndGlobalSection
EndGlobal
